
Microsoft Visual Studio Solution File, Format Version 12.00
# Visual Studio Version 16
VisualStudioVersion = 16.0.29230.61
MinimumVisualStudioVersion = 10.0.40219.1
Project("{FAE04EC0-301F-11D3-BF4B-00C04F79EFBC}") = "MegaSoft1", "MegaSoft1\MegaSoft1.csproj", "{42358517-C6E8-4B98-B8C8-813A997A2752}"
EndProject
Global
	GlobalSection(SolutionConfigurationPlatforms) = preSolution
		Debug|Any CPU = Debug|Any CPU
		Release|Any CPU = Release|Any CPU
	EndGlobalSection
	GlobalSection(ProjectConfigurationPlatforms) = postSolution
		{42358517-C6E8-4B98-B8C8-813A997A2752}.Debug|Any CPU.ActiveCfg = Debug|Any CPU
		{42358517-C6E8-4B98-B8C8-813A997A2752}.Debug|Any CPU.Build.0 = Debug|Any CPU
		{42358517-C6E8-4B98-B8C8-813A997A2752}.Release|Any CPU.ActiveCfg = Release|Any CPU
		{42358517-C6E8-4B98-B8C8-813A997A2752}.Release|Any CPU.Build.0 = Release|Any CPU
	EndGlobalSection
	GlobalSection(SolutionProperties) = preSolution
		HideSolutionNode = FALSE
	EndGlobalSection
	GlobalSection(ExtensibilityGlobals) = postSolution
		SolutionGuid = {D33D7625-C58E-4B0A-8D66-6DB5028CC8A2}
	EndGlobalSection
EndGlobal
